
Microsoft Visual Studio Solution File, Format Version 12.00
# Visual Studio Version 17
VisualStudioVersion = 17.11.35327.3
MinimumVisualStudioVersion = 10.0.40219.1
Project("{FAE04EC0-301F-11D3-BF4B-00C04F79EFBC}") = "Nimap_MachineTest1", "Nimap_MachineTest1.csproj", "{7CB166CB-6C1F-4E3B-A48F-6DEF83DA423A}"
EndProject
Global
	GlobalSection(SolutionConfigurationPlatforms) = preSolution
		Debug|Any CPU = Debug|Any CPU
		Release|Any CPU = Release|Any CPU
	EndGlobalSection
	GlobalSection(ProjectConfigurationPlatforms) = postSolution
		{7CB166CB-6C1F-4E3B-A48F-6DEF83DA423A}.Debug|Any CPU.ActiveCfg = Debug|Any CPU
		{7CB166CB-6C1F-4E3B-A48F-6DEF83DA423A}.Debug|Any CPU.Build.0 = Debug|Any CPU
		{7CB166CB-6C1F-4E3B-A48F-6DEF83DA423A}.Release|Any CPU.ActiveCfg = Release|Any CPU
		{7CB166CB-6C1F-4E3B-A48F-6DEF83DA423A}.Release|Any CPU.Build.0 = Release|Any CPU
	EndGlobalSection
	GlobalSection(SolutionProperties) = preSolution
		HideSolutionNode = FALSE
	EndGlobalSection
	GlobalSection(ExtensibilityGlobals) = postSolution
		SolutionGuid = {4DB58D4C-2BA1-4ED9-B595-1A2AEEA0FC1D}
	EndGlobalSection
EndGlobal
